
Microsoft Visual Studio Solution File, Format Version 12.00
# Visual Studio Version 16
VisualStudioVersion = 16.0.30709.132
MinimumVisualStudioVersion = 10.0.40219.1
Project("{FAE04EC0-301F-11D3-BF4B-00C04F79EFBC}") = "20201127", "20201127\20201127.csproj", "{3C60A6D7-ABB0-40BB-8F1B-DA29AE5ED4EE}"
EndProject
Project("{FAE04EC0-301F-11D3-BF4B-00C04F79EFBC}") = "20201204", "20201204\20201204.csproj", "{BDD6F606-0952-4A53-B1D7-EF96B6D074C1}"
EndProject
Project("{FAE04EC0-301F-11D3-BF4B-00C04F79EFBC}") = "20201211", "20201211\20201211.csproj", "{C9605C05-8DA5-4997-AB31-AB4CF486DEFB}"
EndProject
Project("{FAE04EC0-301F-11D3-BF4B-00C04F79EFBC}") = "20210113", "20210113\20210113.csproj", "{5386E400-C4DE-42DE-9010-B97DA56EB054}"
EndProject
Global
	GlobalSection(SolutionConfigurationPlatforms) = preSolution
		Debug|Any CPU = Debug|Any CPU
		Release|Any CPU = Release|Any CPU
	EndGlobalSection
	GlobalSection(ProjectConfigurationPlatforms) = postSolution
		{3C60A6D7-ABB0-40BB-8F1B-DA29AE5ED4EE}.Debug|Any CPU.ActiveCfg = Debug|Any CPU
		{3C60A6D7-ABB0-40BB-8F1B-DA29AE5ED4EE}.Debug|Any CPU.Build.0 = Debug|Any CPU
		{3C60A6D7-ABB0-40BB-8F1B-DA29AE5ED4EE}.Release|Any CPU.ActiveCfg = Release|Any CPU
		{3C60A6D7-ABB0-40BB-8F1B-DA29AE5ED4EE}.Release|Any CPU.Build.0 = Release|Any CPU
		{BDD6F606-0952-4A53-B1D7-EF96B6D074C1}.Debug|Any CPU.ActiveCfg = Debug|Any CPU
		{BDD6F606-0952-4A53-B1D7-EF96B6D074C1}.Debug|Any CPU.Build.0 = Debug|Any CPU
		{BDD6F606-0952-4A53-B1D7-EF96B6D074C1}.Release|Any CPU.ActiveCfg = Release|Any CPU
		{BDD6F606-0952-4A53-B1D7-EF96B6D074C1}.Release|Any CPU.Build.0 = Release|Any CPU
		{C9605C05-8DA5-4997-AB31-AB4CF486DEFB}.Debug|Any CPU.ActiveCfg = Debug|Any CPU
		{C9605C05-8DA5-4997-AB31-AB4CF486DEFB}.Debug|Any CPU.Build.0 = Debug|Any CPU
		{C9605C05-8DA5-4997-AB31-AB4CF486DEFB}.Release|Any CPU.ActiveCfg = Release|Any CPU
		{C9605C05-8DA5-4997-AB31-AB4CF486DEFB}.Release|Any CPU.Build.0 = Release|Any CPU
		{5386E400-C4DE-42DE-9010-B97DA56EB054}.Debug|Any CPU.ActiveCfg = Debug|Any CPU
		{5386E400-C4DE-42DE-9010-B97DA56EB054}.Debug|Any CPU.Build.0 = Debug|Any CPU
		{5386E400-C4DE-42DE-9010-B97DA56EB054}.Release|Any CPU.ActiveCfg = Release|Any CPU
		{5386E400-C4DE-42DE-9010-B97DA56EB054}.Release|Any CPU.Build.0 = Release|Any CPU
	EndGlobalSection
	GlobalSection(SolutionProperties) = preSolution
		HideSolutionNode = FALSE
	EndGlobalSection
	GlobalSection(ExtensibilityGlobals) = postSolution
		SolutionGuid = {511871D0-7634-41F5-BBF1-69D3701BCD5A}
	EndGlobalSection
EndGlobal
